
Microsoft Visual Studio Solution File, Format Version 12.00
# Visual Studio 14
VisualStudioVersion = 14.0.24720.0
MinimumVisualStudioVersion = 10.0.40219.1
Project("{FAE04EC0-301F-11D3-BF4B-00C04F79EFBC}") = "Cards", "Cards\Cards.csproj", "{B989F4CE-9535-4D44-954B-44E7F16D66BE}"
EndProject
Project("{FAE04EC0-301F-11D3-BF4B-00C04F79EFBC}") = "MemoryLibrary", "MemoryLibrary\MemoryLibrary.csproj", "{F146B79D-6FEF-4C02-8FD1-6E703DF68F05}"
EndProject
Global
	GlobalSection(SolutionConfigurationPlatforms) = preSolution
		Debug|Any CPU = Debug|Any CPU
		Release|Any CPU = Release|Any CPU
	EndGlobalSection
	GlobalSection(ProjectConfigurationPlatforms) = postSolution
		{B989F4CE-9535-4D44-954B-44E7F16D66BE}.Debug|Any CPU.ActiveCfg = Debug|Any CPU
		{B989F4CE-9535-4D44-954B-44E7F16D66BE}.Debug|Any CPU.Build.0 = Debug|Any CPU
		{B989F4CE-9535-4D44-954B-44E7F16D66BE}.Release|Any CPU.ActiveCfg = Release|Any CPU
		{B989F4CE-9535-4D44-954B-44E7F16D66BE}.Release|Any CPU.Build.0 = Release|Any CPU
		{F146B79D-6FEF-4C02-8FD1-6E703DF68F05}.Debug|Any CPU.ActiveCfg = Debug|Any CPU
		{F146B79D-6FEF-4C02-8FD1-6E703DF68F05}.Debug|Any CPU.Build.0 = Debug|Any CPU
		{F146B79D-6FEF-4C02-8FD1-6E703DF68F05}.Release|Any CPU.ActiveCfg = Release|Any CPU
		{F146B79D-6FEF-4C02-8FD1-6E703DF68F05}.Release|Any CPU.Build.0 = Release|Any CPU
	EndGlobalSection
	GlobalSection(SolutionProperties) = preSolution
		HideSolutionNode = FALSE
	EndGlobalSection
EndGlobal
